github.com/q191201771/naza v0.5.0 h1:WhUzc2AyUnu5ZRnketE8b5vWFDhRcqFMaFVmLtHXb3A=
github.com/q191201771/naza v0.5.0/go.mod h1:SE14GBGO9mAn6JZl3NlfWGtNOT7xQjxOG7f3YOdBThM=
github.com/q191201771/naza v0.5.2-0.20191118030128-ac1245826685 h1:zeSd+fokIVJ7GUpZ2szHgLwJd93eU7UUXTWCyD2wVmo=
github.com/q191201771/naza v0.5.2-0.20191118030128-ac1245826685/go.mod h1:SE14GBGO9mAn6JZl3NlfWGtNOT7xQjxOG7f3YOdBThM=
